
Microsoft Visual Studio Solution File, Format Version 12.00
# Visual Studio Version 16
VisualStudioVersion = 16.0.30011.22
MinimumVisualStudioVersion = 10.0.40219.1
Project("{FAE04EC0-301F-11D3-BF4B-00C04F79EFBC}") = "Convertir", "Convertir\Convertir.csproj", "{EDCD4B44-C822-4FC1-AC9B-58AE33347F3F}"
EndProject
Project("{FAE04EC0-301F-11D3-BF4B-00C04F79EFBC}") = "inconnu", "inconnu\inconnu.csproj", "{A65D5071-7F64-438D-9DDD-72F763914E30}"
EndProject
Project("{FAE04EC0-301F-11D3-BF4B-00C04F79EFBC}") = "SUCC_PRED", "SUCC_PRED\SUCC_PRED.csproj", "{A161BEE6-0EFC-4681-9D3D-1115697093C7}"
EndProject
Project("{FAE04EC0-301F-11D3-BF4B-00C04F79EFBC}") = "PERMUTATION_CIRCULAIRE", "PERMUTATION_CIRCULAIRE\PERMUTATION_CIRCULAIRE.csproj", "{75A89064-F39A-4087-967F-BF9094AFA046}"
EndProject
Project("{FAE04EC0-301F-11D3-BF4B-00C04F79EFBC}") = "EXTRAIRE", "EXTRAIRE\EXTRAIRE.csproj", "{450CB91E-7619-4731-880B-524AC70B98F3}"
EndProject
Project("{FAE04EC0-301F-11D3-BF4B-00C04F79EFBC}") = "DISTANCE", "DISTANCE\DISTANCE.csproj", "{70C3C511-760B-40B2-BC7B-84D9F2448CF0}"
EndProject
Project("{FAE04EC0-301F-11D3-BF4B-00C04F79EFBC}") = "CAPACITE", "CAPACITE\CAPACITE.csproj", "{08415827-55F4-44A4-90D1-7186A0DA340B}"
EndProject
Project("{FAE04EC0-301F-11D3-BF4B-00C04F79EFBC}") = "RESISTANCE", "RESISTANCE\RESISTANCE.csproj", "{4B47554C-4B61-40EB-B0C3-D26714C71BDD}"
EndProject
Project("{FAE04EC0-301F-11D3-BF4B-00C04F79EFBC}") = "POSITION2", "POSITION2\POSITION2.csproj", "{45137A2C-7A64-4296-ADAA-FE8322CEF1D3}"
EndProject
Project("{FAE04EC0-301F-11D3-BF4B-00C04F79EFBC}") = "POSITION2INT", "POSITION2INT\POSITION2INT.csproj", "{0DA61469-9BF5-4E28-A64D-D31B4F4084D5}"
EndProject
Project("{FAE04EC0-301F-11D3-BF4B-00C04F79EFBC}") = "ETAT_PERSONNE", "ETAT_PERSONNE\ETAT_PERSONNE.csproj", "{DCC69448-310F-4CF4-BF1E-188A88161791}"
EndProject
Project("{FAE04EC0-301F-11D3-BF4B-00C04F79EFBC}") = "SAISON", "SAISON\SAISON.csproj", "{4D67699C-4659-4C27-810D-5D3B04CB1689}"
EndProject
Project("{FAE04EC0-301F-11D3-BF4B-00C04F79EFBC}") = "NOMBRE_JOURS", "NOMBRE_JOURS\NOMBRE_JOURS.csproj", "{D1B0263A-D69C-4D2A-8334-6B8AB7B87879}"
EndProject
Project("{FAE04EC0-301F-11D3-BF4B-00C04F79EFBC}") = "CALCULATRICE", "CALCULATRICE\CALCULATRICE.csproj", "{A94B36E6-C886-4F96-B243-4B67444E4354}"
EndProject
Project("{FAE04EC0-301F-11D3-BF4B-00C04F79EFBC}") = "EXISTANCE", "EXISTANCE\EXISTANCE.csproj", "{CD3F2F63-547A-4B74-9190-75B4142F9A13}"
EndProject
Project("{FAE04EC0-301F-11D3-BF4B-00C04F79EFBC}") = "FACTORIELLE", "FACTORIELLE\FACTORIELLE.csproj", "{A30400F7-E078-4862-A084-BD968ECDFE26}"
EndProject
Project("{FAE04EC0-301F-11D3-BF4B-00C04F79EFBC}") = "PARFAIT", "PARFAIT\PARFAIT.csproj", "{BCAAD8A7-C3AB-488D-916A-C3CAE38D1868}"
EndProject
Project("{FAE04EC0-301F-11D3-BF4B-00C04F79EFBC}") = "RECH_CUBIQUE", "RECH_CUBIQUE\RECH_CUBIQUE.csproj", "{2A3D8C28-2E9F-4CE8-9BA4-0E8A64DA42BF}"
EndProject
Project("{FAE04EC0-301F-11D3-BF4B-00C04F79EFBC}") = "OCCURENCES", "OCCURENCES\OCCURENCES.csproj", "{026C9444-E00F-47AA-AA4F-C7E85B580F89}"
EndProject
Project("{FAE04EC0-301F-11D3-BF4B-00C04F79EFBC}") = "moyenne", "moyenne\moyenne.csproj", "{38EA0757-99D9-4CD8-9AD2-B1E43975B8A1}"
EndProject
Project("{FAE04EC0-301F-11D3-BF4B-00C04F79EFBC}") = "plus_grande", "plus_grande\plus_grande.csproj", "{6EFF0DCD-4663-4C5E-AE92-7E535508190B}"
EndProject
Project("{FAE04EC0-301F-11D3-BF4B-00C04F79EFBC}") = "rechercher_remplacer", "rechercher_remplacer\rechercher_remplacer.csproj", "{14171D6A-6F56-4260-B10F-D69F4142A482}"
EndProject
Project("{FAE04EC0-301F-11D3-BF4B-00C04F79EFBC}") = "PGCD", "PGCD\PGCD.csproj", "{4672DC16-DCC3-4B1A-831B-AC1DA0DD077B}"
EndProject
Project("{FAE04EC0-301F-11D3-BF4B-00C04F79EFBC}") = "cmax_cmin", "cmax_cmin\cmax_cmin.csproj", "{BF45DA4D-098F-4731-B13C-658424511B4D}"
EndProject
Project("{FAE04EC0-301F-11D3-BF4B-00C04F79EFBC}") = "CODEC", "CODEC\CODEC.csproj", "{F07BECE5-BBBD-4222-9F92-E97B6A741B52}"
EndProject
Project("{FAE04EC0-301F-11D3-BF4B-00C04F79EFBC}") = "CODER", "CODER\CODER.csproj", "{AA85DF1C-AE0C-4ED3-B314-560EF736521C}"
EndProject
Project("{FAE04EC0-301F-11D3-BF4B-00C04F79EFBC}") = "REPARTIR", "REPARTIR\REPARTIR.csproj", "{88C0749E-B1B0-4631-BDFE-2C640D6641DC}"
EndProject
Project("{FAE04EC0-301F-11D3-BF4B-00C04F79EFBC}") = "FACTEURS_PREMIERS", "FACTEURS_PREMIERS\FACTEURS_PREMIERS.csproj", "{B57BE3D1-B186-4BAB-8B3F-C89CC2F87B16}"
EndProject
Project("{FAE04EC0-301F-11D3-BF4B-00C04F79EFBC}") = "SUPPRIMER", "SUPPRIMER\SUPPRIMER.csproj", "{BAB253B6-1CB6-43C1-9DD5-156BCB869AF2}"
EndProject
Project("{FAE04EC0-301F-11D3-BF4B-00C04F79EFBC}") = "RENVERSEE", "RENVERSEE\RENVERSEE.csproj", "{CBB098AB-AFB3-4352-BF2A-73BA85E0D5B7}"
EndProject
Project("{FAE04EC0-301F-11D3-BF4B-00C04F79EFBC}") = "ELEMENTS_DIFFERENTS", "ELEMENTS_DIFFERENTS\ELEMENTS_DIFFERENTS.csproj", "{F8D8C1D2-C756-4F53-AE18-2D379F96BA15}"
EndProject
Project("{FAE04EC0-301F-11D3-BF4B-00C04F79EFBC}") = "POSITION", "POSITION\POSITION.csproj", "{C9D747B2-FC7A-428B-BFED-7EA3C90574BC}"
EndProject
Project("{FAE04EC0-301F-11D3-BF4B-00C04F79EFBC}") = "ANAGRAMME", "ANAGRAMME\ANAGRAMME.csproj", "{AFB76A2E-7C3F-4CF3-AD27-1EBEABE8C707}"
EndProject
Project("{FAE04EC0-301F-11D3-BF4B-00C04F79EFBC}") = "EXISTANCESSTRING", "EXISTANCESSTRING\EXISTANCESSTRING.csproj", "{0A575B29-29DA-4BB0-83A7-70F26C40C5CD}"
EndProject
Project("{FAE04EC0-301F-11D3-BF4B-00C04F79EFBC}") = "TRIER", "TRIER\TRIER.csproj", "{56E439CF-FB91-4CBC-B9B5-9F36ED24C912}"
EndProject
Project("{FAE04EC0-301F-11D3-BF4B-00C04F79EFBC}") = "TRIERINT", "TRIERINT\TRIERINT.csproj", "{01DA314D-677D-4BB8-B087-EF40101AF9DF}"
EndProject
Project("{FAE04EC0-301F-11D3-BF4B-00C04F79EFBC}") = "AMIS", "AMIS\AMIS.csproj", "{33B9EF5C-AFFF-4F3E-926B-F843F13E621A}"
EndProject
Project("{FAE04EC0-301F-11D3-BF4B-00C04F79EFBC}") = "BOUM", "BOUM\BOUM.csproj", "{B217E82F-B221-49BA-9D0D-8DF40F4EBFBD}"
EndProject
Project("{FAE04EC0-301F-11D3-BF4B-00C04F79EFBC}") = "MOYENNEPOSITIVE", "MOYENNEPOSITIVE\MOYENNEPOSITIVE.csproj", "{0B200689-8968-47BA-80DC-20986C7EB77A}"
EndProject
Project("{FAE04EC0-301F-11D3-BF4B-00C04F79EFBC}") = "OLYMPIQUE", "OLYMPIQUE\OLYMPIQUE.csproj", "{D2BC00FD-D779-4385-9903-297F1A3B6EB9}"
EndProject
Project("{FAE04EC0-301F-11D3-BF4B-00C04F79EFBC}") = "Exercice", "Exercice\Exercice.csproj", "{133522B6-7876-4EE3-8561-612BBD1048F3}"
EndProject
Project("{FAE04EC0-301F-11D3-BF4B-00C04F79EFBC}") = "FREQUENCE", "FREQUENCE\FREQUENCE.csproj", "{15839E7E-C62E-4427-B32A-56DAC1BA50F5}"
EndProject
Project("{FAE04EC0-301F-11D3-BF4B-00C04F79EFBC}") = "AFFICHAGE", "AFFICHAGE\AFFICHAGE.csproj", "{A447E58A-599F-440D-A2A1-FC162060DFC8}"
EndProject
Project("{FAE04EC0-301F-11D3-BF4B-00C04F79EFBC}") = "JEU", "JEU\JEU.csproj", "{0E876E23-B27A-44BC-B0DE-A2321A77F9A6}"
EndProject
Project("{FAE04EC0-301F-11D3-BF4B-00C04F79EFBC}") = "SEQUENCE", "SEQUENCE\SEQUENCE.csproj", "{8ED7A496-4B08-462D-821C-FE6EC9B01EFC}"
EndProject
Project("{FAE04EC0-301F-11D3-BF4B-00C04F79EFBC}") = "TRIANGLE", "TRIANGLE\TRIANGLE.csproj", "{0C43022E-1F33-41E6-AF57-914C3B06C705}"
EndProject
Project("{FAE04EC0-301F-11D3-BF4B-00C04F79EFBC}") = "CRYPTER", "CRYPTER\CRYPTER.csproj", "{C4DC02CF-EC0F-4CB5-8DE8-7C43441479AE}"
EndProject
Project("{FAE04EC0-301F-11D3-BF4B-00C04F79EFBC}") = "COMPOSE", "COMPOSE\COMPOSE.csproj", "{16796D33-0964-4D1B-96C2-BEFECC25E95F}"
EndProject
Project("{FAE04EC0-301F-11D3-BF4B-00C04F79EFBC}") = "ECART_MINIMAL", "ECART_MINIMAL\ECART_MINIMAL.csproj", "{7CCF1564-8696-48AB-9B28-BF7E6974E78A}"
EndProject
Project("{FAE04EC0-301F-11D3-BF4B-00C04F79EFBC}") = "DIVISEURS_MULTIPLES", "DIVISEURS_MULTIPLES\DIVISEURS_MULTIPLES.csproj", "{AA950F1C-BE94-44E6-94B8-04F10CC85F08}"
EndProject
Project("{FAE04EC0-301F-11D3-BF4B-00C04F79EFBC}") = "ROTATION", "ROTATION\ROTATION.csproj", "{129787CE-1F96-480C-BE6B-CD368989CAC5}"
EndProject
Global
	GlobalSection(SolutionConfigurationPlatforms) = preSolution
		Debug|Any CPU = Debug|Any CPU
		Release|Any CPU = Release|Any CPU
	EndGlobalSection
	GlobalSection(ProjectConfigurationPlatforms) = postSolution
		{EDCD4B44-C822-4FC1-AC9B-58AE33347F3F}.Debug|Any CPU.ActiveCfg = Debug|Any CPU
		{EDCD4B44-C822-4FC1-AC9B-58AE33347F3F}.Debug|Any CPU.Build.0 = Debug|Any CPU
		{EDCD4B44-C822-4FC1-AC9B-58AE33347F3F}.Release|Any CPU.ActiveCfg = Release|Any CPU
		{EDCD4B44-C822-4FC1-AC9B-58AE33347F3F}.Release|Any CPU.Build.0 = Release|Any CPU
		{A65D5071-7F64-438D-9DDD-72F763914E30}.Debug|Any CPU.ActiveCfg = Debug|Any CPU
		{A65D5071-7F64-438D-9DDD-72F763914E30}.Debug|Any CPU.Build.0 = Debug|Any CPU
		{A65D5071-7F64-438D-9DDD-72F763914E30}.Release|Any CPU.ActiveCfg = Release|Any CPU
		{A65D5071-7F64-438D-9DDD-72F763914E30}.Release|Any CPU.Build.0 = Release|Any CPU
		{A161BEE6-0EFC-4681-9D3D-1115697093C7}.Debug|Any CPU.ActiveCfg = Debug|Any CPU
		{A161BEE6-0EFC-4681-9D3D-1115697093C7}.Debug|Any CPU.Build.0 = Debug|Any CPU
		{A161BEE6-0EFC-4681-9D3D-1115697093C7}.Release|Any CPU.ActiveCfg = Release|Any CPU
		{A161BEE6-0EFC-4681-9D3D-1115697093C7}.Release|Any CPU.Build.0 = Release|Any CPU
		{75A89064-F39A-4087-967F-BF9094AFA046}.Debug|Any CPU.ActiveCfg = Debug|Any CPU
		{75A89064-F39A-4087-967F-BF9094AFA046}.Debug|Any CPU.Build.0 = Debug|Any CPU
		{75A89064-F39A-4087-967F-BF9094AFA046}.Release|Any CPU.ActiveCfg = Release|Any CPU
		{75A89064-F39A-4087-967F-BF9094AFA046}.Release|Any CPU.Build.0 = Release|Any CPU
		{450CB91E-7619-4731-880B-524AC70B98F3}.Debug|Any CPU.ActiveCfg = Debug|Any CPU
		{450CB91E-7619-4731-880B-524AC70B98F3}.Debug|Any CPU.Build.0 = Debug|Any CPU
		{450CB91E-7619-4731-880B-524AC70B98F3}.Release|Any CPU.ActiveCfg = Release|Any CPU
		{450CB91E-7619-4731-880B-524AC70B98F3}.Release|Any CPU.Build.0 = Release|Any CPU
		{70C3C511-760B-40B2-BC7B-84D9F2448CF0}.Debug|Any CPU.ActiveCfg = Debug|Any CPU
		{70C3C511-760B-40B2-BC7B-84D9F2448CF0}.Debug|Any CPU.Build.0 = Debug|Any CPU
		{70C3C511-760B-40B2-BC7B-84D9F2448CF0}.Release|Any CPU.ActiveCfg = Release|Any CPU
		{70C3C511-760B-40B2-BC7B-84D9F2448CF0}.Release|Any CPU.Build.0 = Release|Any CPU
		{08415827-55F4-44A4-90D1-7186A0DA340B}.Debug|Any CPU.ActiveCfg = Debug|Any CPU
		{08415827-55F4-44A4-90D1-7186A0DA340B}.Debug|Any CPU.Build.0 = Debug|Any CPU
		{08415827-55F4-44A4-90D1-7186A0DA340B}.Release|Any CPU.ActiveCfg = Release|Any CPU
		{08415827-55F4-44A4-90D1-7186A0DA340B}.Release|Any CPU.Build.0 = Release|Any CPU
		{4B47554C-4B61-40EB-B0C3-D26714C71BDD}.Debug|Any CPU.ActiveCfg = Debug|Any CPU
		{4B47554C-4B61-40EB-B0C3-D26714C71BDD}.Debug|Any CPU.Build.0 = Debug|Any CPU
		{4B47554C-4B61-40EB-B0C3-D26714C71BDD}.Release|Any CPU.ActiveCfg = Release|Any CPU
		{4B47554C-4B61-40EB-B0C3-D26714C71BDD}.Release|Any CPU.Build.0 = Release|Any CPU
		{45137A2C-7A64-4296-ADAA-FE8322CEF1D3}.Debug|Any CPU.ActiveCfg = Debug|Any CPU
		{45137A2C-7A64-4296-ADAA-FE8322CEF1D3}.Debug|Any CPU.Build.0 = Debug|Any CPU
		{45137A2C-7A64-4296-ADAA-FE8322CEF1D3}.Release|Any CPU.ActiveCfg = Release|Any CPU
		{45137A2C-7A64-4296-ADAA-FE8322CEF1D3}.Release|Any CPU.Build.0 = Release|Any CPU
		{0DA61469-9BF5-4E28-A64D-D31B4F4084D5}.Debug|Any CPU.ActiveCfg = Debug|Any CPU
		{0DA61469-9BF5-4E28-A64D-D31B4F4084D5}.Debug|Any CPU.Build.0 = Debug|Any CPU
		{0DA61469-9BF5-4E28-A64D-D31B4F4084D5}.Release|Any CPU.ActiveCfg = Release|Any CPU
		{0DA61469-9BF5-4E28-A64D-D31B4F4084D5}.Release|Any CPU.Build.0 = Release|Any CPU
		{DCC69448-310F-4CF4-BF1E-188A88161791}.Debug|Any CPU.ActiveCfg = Debug|Any CPU
		{DCC69448-310F-4CF4-BF1E-188A88161791}.Debug|Any CPU.Build.0 = Debug|Any CPU
		{DCC69448-310F-4CF4-BF1E-188A88161791}.Release|Any CPU.ActiveCfg = Release|Any CPU
		{DCC69448-310F-4CF4-BF1E-188A88161791}.Release|Any CPU.Build.0 = Release|Any CPU
		{4D67699C-4659-4C27-810D-5D3B04CB1689}.Debug|Any CPU.ActiveCfg = Debug|Any CPU
		{4D67699C-4659-4C27-810D-5D3B04CB1689}.Debug|Any CPU.Build.0 = Debug|Any CPU
		{4D67699C-4659-4C27-810D-5D3B04CB1689}.Release|Any CPU.ActiveCfg = Release|Any CPU
		{4D67699C-4659-4C27-810D-5D3B04CB1689}.Release|Any CPU.Build.0 = Release|Any CPU
		{D1B0263A-D69C-4D2A-8334-6B8AB7B87879}.Debug|Any CPU.ActiveCfg = Debug|Any CPU
		{D1B0263A-D69C-4D2A-8334-6B8AB7B87879}.Debug|Any CPU.Build.0 = Debug|Any CPU
		{D1B0263A-D69C-4D2A-8334-6B8AB7B87879}.Release|Any CPU.ActiveCfg = Release|Any CPU
		{D1B0263A-D69C-4D2A-8334-6B8AB7B87879}.Release|Any CPU.Build.0 = Release|Any CPU
		{A94B36E6-C886-4F96-B243-4B67444E4354}.Debug|Any CPU.ActiveCfg = Debug|Any CPU
		{A94B36E6-C886-4F96-B243-4B67444E4354}.Debug|Any CPU.Build.0 = Debug|Any CPU
		{A94B36E6-C886-4F96-B243-4B67444E4354}.Release|Any CPU.ActiveCfg = Release|Any CPU
		{A94B36E6-C886-4F96-B243-4B67444E4354}.Release|Any CPU.Build.0 = Release|Any CPU
		{CD3F2F63-547A-4B74-9190-75B4142F9A13}.Debug|Any CPU.ActiveCfg = Debug|Any CPU
		{CD3F2F63-547A-4B74-9190-75B4142F9A13}.Debug|Any CPU.Build.0 = Debug|Any CPU
		{CD3F2F63-547A-4B74-9190-75B4142F9A13}.Release|Any CPU.ActiveCfg = Release|Any CPU
		{CD3F2F63-547A-4B74-9190-75B4142F9A13}.Release|Any CPU.Build.0 = Release|Any CPU
		{A30400F7-E078-4862-A084-BD968ECDFE26}.Debug|Any CPU.ActiveCfg = Debug|Any CPU
		{A30400F7-E078-4862-A084-BD968ECDFE26}.Debug|Any CPU.Build.0 = Debug|Any CPU
		{A30400F7-E078-4862-A084-BD968ECDFE26}.Release|Any CPU.ActiveCfg = Release|Any CPU
		{A30400F7-E078-4862-A084-BD968ECDFE26}.Release|Any CPU.Build.0 = Release|Any CPU
		{BCAAD8A7-C3AB-488D-916A-C3CAE38D1868}.Debug|Any CPU.ActiveCfg = Debug|Any CPU
		{BCAAD8A7-C3AB-488D-916A-C3CAE38D1868}.Debug|Any CPU.Build.0 = Debug|Any CPU
		{BCAAD8A7-C3AB-488D-916A-C3CAE38D1868}.Release|Any CPU.ActiveCfg = Release|Any CPU
		{BCAAD8A7-C3AB-488D-916A-C3CAE38D1868}.Release|Any CPU.Build.0 = Release|Any CPU
		{2A3D8C28-2E9F-4CE8-9BA4-0E8A64DA42BF}.Debug|Any CPU.ActiveCfg = Debug|Any CPU
		{2A3D8C28-2E9F-4CE8-9BA4-0E8A64DA42BF}.Debug|Any CPU.Build.0 = Debug|Any CPU
		{2A3D8C28-2E9F-4CE8-9BA4-0E8A64DA42BF}.Release|Any CPU.ActiveCfg = Release|Any CPU
		{2A3D8C28-2E9F-4CE8-9BA4-0E8A64DA42BF}.Release|Any CPU.Build.0 = Release|Any CPU
		{026C9444-E00F-47AA-AA4F-C7E85B580F89}.Debug|Any CPU.ActiveCfg = Debug|Any CPU
		{026C9444-E00F-47AA-AA4F-C7E85B580F89}.Debug|Any CPU.Build.0 = Debug|Any CPU
		{026C9444-E00F-47AA-AA4F-C7E85B580F89}.Release|Any CPU.ActiveCfg = Release|Any CPU
		{026C9444-E00F-47AA-AA4F-C7E85B580F89}.Release|Any CPU.Build.0 = Release|Any CPU
		{38EA0757-99D9-4CD8-9AD2-B1E43975B8A1}.Debug|Any CPU.ActiveCfg = Debug|Any CPU
		{38EA0757-99D9-4CD8-9AD2-B1E43975B8A1}.Debug|Any CPU.Build.0 = Debug|Any CPU
		{38EA0757-99D9-4CD8-9AD2-B1E43975B8A1}.Release|Any CPU.ActiveCfg = Release|Any CPU
		{38EA0757-99D9-4CD8-9AD2-B1E43975B8A1}.Release|Any CPU.Build.0 = Release|Any CPU
		{6EFF0DCD-4663-4C5E-AE92-7E535508190B}.Debug|Any CPU.ActiveCfg = Debug|Any CPU
		{6EFF0DCD-4663-4C5E-AE92-7E535508190B}.Debug|Any CPU.Build.0 = Debug|Any CPU
		{6EFF0DCD-4663-4C5E-AE92-7E535508190B}.Release|Any CPU.ActiveCfg = Release|Any CPU
		{6EFF0DCD-4663-4C5E-AE92-7E535508190B}.Release|Any CPU.Build.0 = Release|Any CPU
		{14171D6A-6F56-4260-B10F-D69F4142A482}.Debug|Any CPU.ActiveCfg = Debug|Any CPU
		{14171D6A-6F56-4260-B10F-D69F4142A482}.Debug|Any CPU.Build.0 = Debug|Any CPU
		{14171D6A-6F56-4260-B10F-D69F4142A482}.Release|Any CPU.ActiveCfg = Release|Any CPU
		{14171D6A-6F56-4260-B10F-D69F4142A482}.Release|Any CPU.Build.0 = Release|Any CPU
		{4672DC16-DCC3-4B1A-831B-AC1DA0DD077B}.Debug|Any CPU.ActiveCfg = Debug|Any CPU
		{4672DC16-DCC3-4B1A-831B-AC1DA0DD077B}.Debug|Any CPU.Build.0 = Debug|Any CPU
		{4672DC16-DCC3-4B1A-831B-AC1DA0DD077B}.Release|Any CPU.ActiveCfg = Release|Any CPU
		{4672DC16-DCC3-4B1A-831B-AC1DA0DD077B}.Release|Any CPU.Build.0 = Release|Any CPU
		{BF45DA4D-098F-4731-B13C-658424511B4D}.Debug|Any CPU.ActiveCfg = Debug|Any CPU
		{BF45DA4D-098F-4731-B13C-658424511B4D}.Debug|Any CPU.Build.0 = Debug|Any CPU
		{BF45DA4D-098F-4731-B13C-658424511B4D}.Release|Any CPU.ActiveCfg = Release|Any CPU
		{BF45DA4D-098F-4731-B13C-658424511B4D}.Release|Any CPU.Build.0 = Release|Any CPU
		{F07BECE5-BBBD-4222-9F92-E97B6A741B52}.Debug|Any CPU.ActiveCfg = Debug|Any CPU
		{F07BECE5-BBBD-4222-9F92-E97B6A741B52}.Debug|Any CPU.Build.0 = Debug|Any CPU
		{F07BECE5-BBBD-4222-9F92-E97B6A741B52}.Release|Any CPU.ActiveCfg = Release|Any CPU
		{F07BECE5-BBBD-4222-9F92-E97B6A741B52}.Release|Any CPU.Build.0 = Release|Any CPU
		{AA85DF1C-AE0C-4ED3-B314-560EF736521C}.Debug|Any CPU.ActiveCfg = Debug|Any CPU
		{AA85DF1C-AE0C-4ED3-B314-560EF736521C}.Debug|Any CPU.Build.0 = Debug|Any CPU
		{AA85DF1C-AE0C-4ED3-B314-560EF736521C}.Release|Any CPU.ActiveCfg = Release|Any CPU
		{AA85DF1C-AE0C-4ED3-B314-560EF736521C}.Release|Any CPU.Build.0 = Release|Any CPU
		{88C0749E-B1B0-4631-BDFE-2C640D6641DC}.Debug|Any CPU.ActiveCfg = Debug|Any CPU
		{88C0749E-B1B0-4631-BDFE-2C640D6641DC}.Debug|Any CPU.Build.0 = Debug|Any CPU
		{88C0749E-B1B0-4631-BDFE-2C640D6641DC}.Release|Any CPU.ActiveCfg = Release|Any CPU
		{88C0749E-B1B0-4631-BDFE-2C640D6641DC}.Release|Any CPU.Build.0 = Release|Any CPU
		{B57BE3D1-B186-4BAB-8B3F-C89CC2F87B16}.Debug|Any CPU.ActiveCfg = Debug|Any CPU
		{B57BE3D1-B186-4BAB-8B3F-C89CC2F87B16}.Debug|Any CPU.Build.0 = Debug|Any CPU
		{B57BE3D1-B186-4BAB-8B3F-C89CC2F87B16}.Release|Any CPU.ActiveCfg = Release|Any CPU
		{B57BE3D1-B186-4BAB-8B3F-C89CC2F87B16}.Release|Any CPU.Build.0 = Release|Any CPU
		{BAB253B6-1CB6-43C1-9DD5-156BCB869AF2}.Debug|Any CPU.ActiveCfg = Debug|Any CPU
		{BAB253B6-1CB6-43C1-9DD5-156BCB869AF2}.Debug|Any CPU.Build.0 = Debug|Any CPU
		{BAB253B6-1CB6-43C1-9DD5-156BCB869AF2}.Release|Any CPU.ActiveCfg = Release|Any CPU
		{BAB253B6-1CB6-43C1-9DD5-156BCB869AF2}.Release|Any CPU.Build.0 = Release|Any CPU
		{CBB098AB-AFB3-4352-BF2A-73BA85E0D5B7}.Debug|Any CPU.ActiveCfg = Debug|Any CPU
		{CBB098AB-AFB3-4352-BF2A-73BA85E0D5B7}.Debug|Any CPU.Build.0 = Debug|Any CPU
		{CBB098AB-AFB3-4352-BF2A-73BA85E0D5B7}.Release|Any CPU.ActiveCfg = Release|Any CPU
		{CBB098AB-AFB3-4352-BF2A-73BA85E0D5B7}.Release|Any CPU.Build.0 = Release|Any CPU
		{F8D8C1D2-C756-4F53-AE18-2D379F96BA15}.Debug|Any CPU.ActiveCfg = Debug|Any CPU
		{F8D8C1D2-C756-4F53-AE18-2D379F96BA15}.Debug|Any CPU.Build.0 = Debug|Any CPU
		{F8D8C1D2-C756-4F53-AE18-2D379F96BA15}.Release|Any CPU.ActiveCfg = Release|Any CPU
		{F8D8C1D2-C756-4F53-AE18-2D379F96BA15}.Release|Any CPU.Build.0 = Release|Any CPU
		{C9D747B2-FC7A-428B-BFED-7EA3C90574BC}.Debug|Any CPU.ActiveCfg = Debug|Any CPU
		{C9D747B2-FC7A-428B-BFED-7EA3C90574BC}.Debug|Any CPU.Build.0 = Debug|Any CPU
		{C9D747B2-FC7A-428B-BFED-7EA3C90574BC}.Release|Any CPU.ActiveCfg = Release|Any CPU
		{C9D747B2-FC7A-428B-BFED-7EA3C90574BC}.Release|Any CPU.Build.0 = Release|Any CPU
		{AFB76A2E-7C3F-4CF3-AD27-1EBEABE8C707}.Debug|Any CPU.ActiveCfg = Debug|Any CPU
		{AFB76A2E-7C3F-4CF3-AD27-1EBEABE8C707}.Debug|Any CPU.Build.0 = Debug|Any CPU
		{AFB76A2E-7C3F-4CF3-AD27-1EBEABE8C707}.Release|Any CPU.ActiveCfg = Release|Any CPU
		{AFB76A2E-7C3F-4CF3-AD27-1EBEABE8C707}.Release|Any CPU.Build.0 = Release|Any CPU
		{0A575B29-29DA-4BB0-83A7-70F26C40C5CD}.Debug|Any CPU.ActiveCfg = Debug|Any CPU
		{0A575B29-29DA-4BB0-83A7-70F26C40C5CD}.Debug|Any CPU.Build.0 = Debug|Any CPU
		{0A575B29-29DA-4BB0-83A7-70F26C40C5CD}.Release|Any CPU.ActiveCfg = Release|Any CPU
		{0A575B29-29DA-4BB0-83A7-70F26C40C5CD}.Release|Any CPU.Build.0 = Release|Any CPU
		{56E439CF-FB91-4CBC-B9B5-9F36ED24C912}.Debug|Any CPU.ActiveCfg = Debug|Any CPU
		{56E439CF-FB91-4CBC-B9B5-9F36ED24C912}.Debug|Any CPU.Build.0 = Debug|Any CPU
		{56E439CF-FB91-4CBC-B9B5-9F36ED24C912}.Release|Any CPU.ActiveCfg = Release|Any CPU
		{56E439CF-FB91-4CBC-B9B5-9F36ED24C912}.Release|Any CPU.Build.0 = Release|Any CPU
		{01DA314D-677D-4BB8-B087-EF40101AF9DF}.Debug|Any CPU.ActiveCfg = Debug|Any CPU
		{01DA314D-677D-4BB8-B087-EF40101AF9DF}.Debug|Any CPU.Build.0 = Debug|Any CPU
		{01DA314D-677D-4BB8-B087-EF40101AF9DF}.Release|Any CPU.ActiveCfg = Release|Any CPU
		{01DA314D-677D-4BB8-B087-EF40101AF9DF}.Release|Any CPU.Build.0 = Release|Any CPU
		{33B9EF5C-AFFF-4F3E-926B-F843F13E621A}.Debug|Any CPU.ActiveCfg = Debug|Any CPU
		{33B9EF5C-AFFF-4F3E-926B-F843F13E621A}.Debug|Any CPU.Build.0 = Debug|Any CPU
		{33B9EF5C-AFFF-4F3E-926B-F843F13E621A}.Release|Any CPU.ActiveCfg = Release|Any CPU
		{33B9EF5C-AFFF-4F3E-926B-F843F13E621A}.Release|Any CPU.Build.0 = Release|Any CPU
		{B217E82F-B221-49BA-9D0D-8DF40F4EBFBD}.Debug|Any CPU.ActiveCfg = Debug|Any CPU
		{B217E82F-B221-49BA-9D0D-8DF40F4EBFBD}.Debug|Any CPU.Build.0 = Debug|Any CPU
		{B217E82F-B221-49BA-9D0D-8DF40F4EBFBD}.Release|Any CPU.ActiveCfg = Release|Any CPU
		{B217E82F-B221-49BA-9D0D-8DF40F4EBFBD}.Release|Any CPU.Build.0 = Release|Any CPU
		{0B200689-8968-47BA-80DC-20986C7EB77A}.Debug|Any CPU.ActiveCfg = Debug|Any CPU
		{0B200689-8968-47BA-80DC-20986C7EB77A}.Debug|Any CPU.Build.0 = Debug|Any CPU
		{0B200689-8968-47BA-80DC-20986C7EB77A}.Release|Any CPU.ActiveCfg = Release|Any CPU
		{0B200689-8968-47BA-80DC-20986C7EB77A}.Release|Any CPU.Build.0 = Release|Any CPU
		{D2BC00FD-D779-4385-9903-297F1A3B6EB9}.Debug|Any CPU.ActiveCfg = Debug|Any CPU
		{D2BC00FD-D779-4385-9903-297F1A3B6EB9}.Debug|Any CPU.Build.0 = Debug|Any CPU
		{D2BC00FD-D779-4385-9903-297F1A3B6EB9}.Release|Any CPU.ActiveCfg = Release|Any CPU
		{D2BC00FD-D779-4385-9903-297F1A3B6EB9}.Release|Any CPU.Build.0 = Release|Any CPU
		{133522B6-7876-4EE3-8561-612BBD1048F3}.Debug|Any CPU.ActiveCfg = Debug|Any CPU
		{133522B6-7876-4EE3-8561-612BBD1048F3}.Debug|Any CPU.Build.0 = Debug|Any CPU
		{133522B6-7876-4EE3-8561-612BBD1048F3}.Release|Any CPU.ActiveCfg = Release|Any CPU
		{133522B6-7876-4EE3-8561-612BBD1048F3}.Release|Any CPU.Build.0 = Release|Any CPU
		{15839E7E-C62E-4427-B32A-56DAC1BA50F5}.Debug|Any CPU.ActiveCfg = Debug|Any CPU
		{15839E7E-C62E-4427-B32A-56DAC1BA50F5}.Debug|Any CPU.Build.0 = Debug|Any CPU
		{15839E7E-C62E-4427-B32A-56DAC1BA50F5}.Release|Any CPU.ActiveCfg = Release|Any CPU
		{15839E7E-C62E-4427-B32A-56DAC1BA50F5}.Release|Any CPU.Build.0 = Release|Any CPU
		{A447E58A-599F-440D-A2A1-FC162060DFC8}.Debug|Any CPU.ActiveCfg = Debug|Any CPU
		{A447E58A-599F-440D-A2A1-FC162060DFC8}.Debug|Any CPU.Build.0 = Debug|Any CPU
		{A447E58A-599F-440D-A2A1-FC162060DFC8}.Release|Any CPU.ActiveCfg = Release|Any CPU
		{A447E58A-599F-440D-A2A1-FC162060DFC8}.Release|Any CPU.Build.0 = Release|Any CPU
		{0E876E23-B27A-44BC-B0DE-A2321A77F9A6}.Debug|Any CPU.ActiveCfg = Debug|Any CPU
		{0E876E23-B27A-44BC-B0DE-A2321A77F9A6}.Debug|Any CPU.Build.0 = Debug|Any CPU
		{0E876E23-B27A-44BC-B0DE-A2321A77F9A6}.Release|Any CPU.ActiveCfg = Release|Any CPU
		{0E876E23-B27A-44BC-B0DE-A2321A77F9A6}.Release|Any CPU.Build.0 = Release|Any CPU
		{8ED7A496-4B08-462D-821C-FE6EC9B01EFC}.Debug|Any CPU.ActiveCfg = Debug|Any CPU
		{8ED7A496-4B08-462D-821C-FE6EC9B01EFC}.Debug|Any CPU.Build.0 = Debug|Any CPU
		{8ED7A496-4B08-462D-821C-FE6EC9B01EFC}.Release|Any CPU.ActiveCfg = Release|Any CPU
		{8ED7A496-4B08-462D-821C-FE6EC9B01EFC}.Release|Any CPU.Build.0 = Release|Any CPU
		{0C43022E-1F33-41E6-AF57-914C3B06C705}.Debug|Any CPU.ActiveCfg = Debug|Any CPU
		{0C43022E-1F33-41E6-AF57-914C3B06C705}.Debug|Any CPU.Build.0 = Debug|Any CPU
		{0C43022E-1F33-41E6-AF57-914C3B06C705}.Release|Any CPU.ActiveCfg = Release|Any CPU
		{0C43022E-1F33-41E6-AF57-914C3B06C705}.Release|Any CPU.Build.0 = Release|Any CPU
		{C4DC02CF-EC0F-4CB5-8DE8-7C43441479AE}.Debug|Any CPU.ActiveCfg = Debug|Any CPU
		{C4DC02CF-EC0F-4CB5-8DE8-7C43441479AE}.Debug|Any CPU.Build.0 = Debug|Any CPU
		{C4DC02CF-EC0F-4CB5-8DE8-7C43441479AE}.Release|Any CPU.ActiveCfg = Release|Any CPU
		{C4DC02CF-EC0F-4CB5-8DE8-7C43441479AE}.Release|Any CPU.Build.0 = Release|Any CPU
		{16796D33-0964-4D1B-96C2-BEFECC25E95F}.Debug|Any CPU.ActiveCfg = Debug|Any CPU
		{16796D33-0964-4D1B-96C2-BEFECC25E95F}.Debug|Any CPU.Build.0 = Debug|Any CPU
		{16796D33-0964-4D1B-96C2-BEFECC25E95F}.Release|Any CPU.ActiveCfg = Release|Any CPU
		{16796D33-0964-4D1B-96C2-BEFECC25E95F}.Release|Any CPU.Build.0 = Release|Any CPU
		{7CCF1564-8696-48AB-9B28-BF7E6974E78A}.Debug|Any CPU.ActiveCfg = Debug|Any CPU
		{7CCF1564-8696-48AB-9B28-BF7E6974E78A}.Debug|Any CPU.Build.0 = Debug|Any CPU
		{7CCF1564-8696-48AB-9B28-BF7E6974E78A}.Release|Any CPU.ActiveCfg = Release|Any CPU
		{7CCF1564-8696-48AB-9B28-BF7E6974E78A}.Release|Any CPU.Build.0 = Release|Any CPU
		{AA950F1C-BE94-44E6-94B8-04F10CC85F08}.Debug|Any CPU.ActiveCfg = Debug|Any CPU
		{AA950F1C-BE94-44E6-94B8-04F10CC85F08}.Debug|Any CPU.Build.0 = Debug|Any CPU
		{AA950F1C-BE94-44E6-94B8-04F10CC85F08}.Release|Any CPU.ActiveCfg = Release|Any CPU
		{AA950F1C-BE94-44E6-94B8-04F10CC85F08}.Release|Any CPU.Build.0 = Release|Any CPU
		{129787CE-1F96-480C-BE6B-CD368989CAC5}.Debug|Any CPU.ActiveCfg = Debug|Any CPU
		{129787CE-1F96-480C-BE6B-CD368989CAC5}.Debug|Any CPU.Build.0 = Debug|Any CPU
		{129787CE-1F96-480C-BE6B-CD368989CAC5}.Release|Any CPU.ActiveCfg = Release|Any CPU
		{129787CE-1F96-480C-BE6B-CD368989CAC5}.Release|Any CPU.Build.0 = Release|Any CPU
	EndGlobalSection
	GlobalSection(SolutionProperties) = preSolution
		HideSolutionNode = FALSE
	EndGlobalSection
	GlobalSection(ExtensibilityGlobals) = postSolution
		SolutionGuid = {6548D28C-DA74-48E4-BBC0-831FB00D7042}
	EndGlobalSection
EndGlobal
